
Microsoft Visual Studio Solution File, Format Version 12.00
# Visual Studio Version 17
VisualStudioVersion = 17.9.34728.123
MinimumVisualStudioVersion = 10.0.40219.1
Project("{FAE04EC0-301F-11D3-BF4B-00C04F79EFBC}") = "TourManagement", "TourManagement\TourManagement.csproj", "{2735DFA4-DF9E-41C5-8B64-7D3993FE81B5}"
EndProject
Project("{FAE04EC0-301F-11D3-BF4B-00C04F79EFBC}") = "CategoryManagement_API", "Categories_API\CategoryManagement_API.csproj", "{62387C5E-60A1-4751-BB3C-733A8161FAA6}"
EndProject
Project("{FAE04EC0-301F-11D3-BF4B-00C04F79EFBC}") = "HotelsManagement_API", "HotelsManagement_API\HotelsManagement_API.csproj", "{36A769E4-A356-4FCF-95D6-4501B327407D}"
EndProject
Project("{FAE04EC0-301F-11D3-BF4B-00C04F79EFBC}") = "OrderManagement_API", "OrderManagement_API\OrderManagement_API.csproj", "{1F8D6230-B70C-4C80-9AC5-F725DFC11198}"
EndProject
Project("{FAE04EC0-301F-11D3-BF4B-00C04F79EFBC}") = "RoomManagement_API", "RoomManagement_API\RoomManagement_API.csproj", "{E73213FD-7BB6-4DA1-A1F8-B24AB1CC1DEB}"
EndProject
Project("{FAE04EC0-301F-11D3-BF4B-00C04F79EFBC}") = "UserManagement_API", "Users_API\UserManagement_API.csproj", "{042F4F5D-ABBF-4FBD-8494-2BFF84586A76}"
EndProject
Project("{FAE04EC0-301F-11D3-BF4B-00C04F79EFBC}") = "UsersInfoManagement_API", "UsersInfoManagement_API\UsersInfoManagement_API.csproj", "{98804D04-B7D8-4F68-8383-012B5408E81F}"
EndProject
Project("{FAE04EC0-301F-11D3-BF4B-00C04F79EFBC}") = "WishListManagement_API", "WishListManagement_API\WishListManagement_API.csproj", "{46512690-9F65-4C5A-8410-437B443BA655}"
EndProject
Global
	GlobalSection(SolutionConfigurationPlatforms) = preSolution
		Debug|Any CPU = Debug|Any CPU
		Release|Any CPU = Release|Any CPU
	EndGlobalSection
	GlobalSection(ProjectConfigurationPlatforms) = postSolution
		{2735DFA4-DF9E-41C5-8B64-7D3993FE81B5}.Debug|Any CPU.ActiveCfg = Debug|Any CPU
		{2735DFA4-DF9E-41C5-8B64-7D3993FE81B5}.Debug|Any CPU.Build.0 = Debug|Any CPU
		{2735DFA4-DF9E-41C5-8B64-7D3993FE81B5}.Release|Any CPU.ActiveCfg = Release|Any CPU
		{2735DFA4-DF9E-41C5-8B64-7D3993FE81B5}.Release|Any CPU.Build.0 = Release|Any CPU
		{62387C5E-60A1-4751-BB3C-733A8161FAA6}.Debug|Any CPU.ActiveCfg = Debug|Any CPU
		{62387C5E-60A1-4751-BB3C-733A8161FAA6}.Debug|Any CPU.Build.0 = Debug|Any CPU
		{62387C5E-60A1-4751-BB3C-733A8161FAA6}.Release|Any CPU.ActiveCfg = Release|Any CPU
		{62387C5E-60A1-4751-BB3C-733A8161FAA6}.Release|Any CPU.Build.0 = Release|Any CPU
		{36A769E4-A356-4FCF-95D6-4501B327407D}.Debug|Any CPU.ActiveCfg = Debug|Any CPU
		{36A769E4-A356-4FCF-95D6-4501B327407D}.Debug|Any CPU.Build.0 = Debug|Any CPU
		{36A769E4-A356-4FCF-95D6-4501B327407D}.Release|Any CPU.ActiveCfg = Release|Any CPU
		{36A769E4-A356-4FCF-95D6-4501B327407D}.Release|Any CPU.Build.0 = Release|Any CPU
		{1F8D6230-B70C-4C80-9AC5-F725DFC11198}.Debug|Any CPU.ActiveCfg = Debug|Any CPU
		{1F8D6230-B70C-4C80-9AC5-F725DFC11198}.Debug|Any CPU.Build.0 = Debug|Any CPU
		{1F8D6230-B70C-4C80-9AC5-F725DFC11198}.Release|Any CPU.ActiveCfg = Release|Any CPU
		{1F8D6230-B70C-4C80-9AC5-F725DFC11198}.Release|Any CPU.Build.0 = Release|Any CPU
		{E73213FD-7BB6-4DA1-A1F8-B24AB1CC1DEB}.Debug|Any CPU.ActiveCfg = Debug|Any CPU
		{E73213FD-7BB6-4DA1-A1F8-B24AB1CC1DEB}.Debug|Any CPU.Build.0 = Debug|Any CPU
		{E73213FD-7BB6-4DA1-A1F8-B24AB1CC1DEB}.Release|Any CPU.ActiveCfg = Release|Any CPU
		{E73213FD-7BB6-4DA1-A1F8-B24AB1CC1DEB}.Release|Any CPU.Build.0 = Release|Any CPU
		{042F4F5D-ABBF-4FBD-8494-2BFF84586A76}.Debug|Any CPU.ActiveCfg = Debug|Any CPU
		{042F4F5D-ABBF-4FBD-8494-2BFF84586A76}.Debug|Any CPU.Build.0 = Debug|Any CPU
		{042F4F5D-ABBF-4FBD-8494-2BFF84586A76}.Release|Any CPU.ActiveCfg = Release|Any CPU
		{042F4F5D-ABBF-4FBD-8494-2BFF84586A76}.Release|Any CPU.Build.0 = Release|Any CPU
		{98804D04-B7D8-4F68-8383-012B5408E81F}.Debug|Any CPU.ActiveCfg = Debug|Any CPU
		{98804D04-B7D8-4F68-8383-012B5408E81F}.Debug|Any CPU.Build.0 = Debug|Any CPU
		{98804D04-B7D8-4F68-8383-012B5408E81F}.Release|Any CPU.ActiveCfg = Release|Any CPU
		{98804D04-B7D8-4F68-8383-012B5408E81F}.Release|Any CPU.Build.0 = Release|Any CPU
		{46512690-9F65-4C5A-8410-437B443BA655}.Debug|Any CPU.ActiveCfg = Debug|Any CPU
		{46512690-9F65-4C5A-8410-437B443BA655}.Debug|Any CPU.Build.0 = Debug|Any CPU
		{46512690-9F65-4C5A-8410-437B443BA655}.Release|Any CPU.ActiveCfg = Release|Any CPU
		{46512690-9F65-4C5A-8410-437B443BA655}.Release|Any CPU.Build.0 = Release|Any CPU
	EndGlobalSection
	GlobalSection(SolutionProperties) = preSolution
		HideSolutionNode = FALSE
	EndGlobalSection
	GlobalSection(ExtensibilityGlobals) = postSolution
		SolutionGuid = {CA4B304B-C715-466B-A85E-1EB5B9361B03}
	EndGlobalSection
EndGlobal
