
Microsoft Visual Studio Solution File, Format Version 12.00
# Visual Studio Version 17
VisualStudioVersion = 17.9.34728.123
MinimumVisualStudioVersion = 10.0.40219.1
Project("{FAE04EC0-301F-11D3-BF4B-00C04F79EFBC}") = "TourManagement", "TourManagement\TourManagement.csproj", "{2735DFA4-DF9E-41C5-8B64-7D3993FE81B5}"
EndProject
Project("{FAE04EC0-301F-11D3-BF4B-00C04F79EFBC}") = "CategoryManagement_API", "Categories_API\CategoryManagement_API.csproj", "{62387C5E-60A1-4751-BB3C-733A8161FAA6}"
EndProject
Project("{FAE04EC0-301F-11D3-BF4B-00C04F79EFBC}") = "HotelsManagement_API", "HotelsManagement_API\HotelsManagement_API.csproj", "{36A769E4-A356-4FCF-95D6-4501B327407D}"
EndProject
Project("{FAE04EC0-301F-11D3-BF4B-00C04F79EFBC}") = "RoomManagement_API", "RoomManagement_API\RoomManagement_API.csproj", "{E73213FD-7BB6-4DA1-A1F8-B24AB1CC1DEB}"
EndProject
Project("{FAE04EC0-301F-11D3-BF4B-00C04F79EFBC}") = "UsersInfoManagement_API", "UsersInfoManagement_API\UsersInfoManagement_API.csproj", "{98804D04-B7D8-4F68-8383-012B5408E81F}"
EndProject
Project("{FAE04EC0-301F-11D3-BF4B-00C04F79EFBC}") = "WishListManagement_API", "WishListManagement_API\WishListManagement_API.csproj", "{46512690-9F65-4C5A-8410-437B443BA655}"
EndProject
Project("{FAE04EC0-301F-11D3-BF4B-00C04F79EFBC}") = "ImageManagement_API", "ImageManagement_API\ImageManagement_API.csproj", "{231B8680-4E27-419A-A44B-91E3F6B0CCB2}"
EndProject
Project("{FAE04EC0-301F-11D3-BF4B-00C04F79EFBC}") = "TourAgencyManagement_API", "TourAgencyManagement_API\TourAgencyManagement_API.csproj", "{BCEC6A5D-C9BE-4233-9CE8-96BCCB79982A}"
EndProject
Project("{FAE04EC0-301F-11D3-BF4B-00C04F79EFBC}") = "VehicleAgencyManagement_API", "VehicleAgencyManagement_API\VehicleAgencyManagement_API.csproj", "{41515CDE-1836-46C9-B93A-655C67985C34}"
EndProject
Project("{FAE04EC0-301F-11D3-BF4B-00C04F79EFBC}") = "OrderManagement_API", "OrderManagement_API\OrderManagement_API.csproj", "{D1CFF043-AE8D-4966-9F28-1C145F9B1B28}"
EndProject
Project("{FAE04EC0-301F-11D3-BF4B-00C04F79EFBC}") = "CartManagement_Api", "CartManagement_Api\CartManagement_Api.csproj", "{44809844-1386-4EF2-BE54-991F7A9EF7C2}"
EndProject
Project("{FAE04EC0-301F-11D3-BF4B-00C04F79EFBC}") = "UserManagement_API", "Users_API\UserManagement_API.csproj", "{3280E0CC-F010-41D5-9DD1-F184382240FF}"
EndProject
Project("{FAE04EC0-301F-11D3-BF4B-00C04F79EFBC}") = "CouponManagement_API", "CouponManagement_API\CouponManagement_API.csproj", "{C1271B28-F667-3AE6-7265-A9F4F498D31C}"
EndProject
Project("{FAE04EC0-301F-11D3-BF4B-00C04F79EFBC}") = "UserCouponManagement_API", "UserCouponManagement_API\UserCouponManagement_API.csproj", "{623A2FDD-F885-AC0A-AD10-D4CBD0ECF8FD}"
EndProject
Global
	GlobalSection(SolutionConfigurationPlatforms) = preSolution
		Debug|Any CPU = Debug|Any CPU
		Release|Any CPU = Release|Any CPU
	EndGlobalSection
	GlobalSection(ProjectConfigurationPlatforms) = postSolution
		{2735DFA4-DF9E-41C5-8B64-7D3993FE81B5}.Debug|Any CPU.ActiveCfg = Debug|Any CPU
		{2735DFA4-DF9E-41C5-8B64-7D3993FE81B5}.Debug|Any CPU.Build.0 = Debug|Any CPU
		{2735DFA4-DF9E-41C5-8B64-7D3993FE81B5}.Release|Any CPU.ActiveCfg = Release|Any CPU
		{2735DFA4-DF9E-41C5-8B64-7D3993FE81B5}.Release|Any CPU.Build.0 = Release|Any CPU
		{62387C5E-60A1-4751-BB3C-733A8161FAA6}.Debug|Any CPU.ActiveCfg = Debug|Any CPU
		{62387C5E-60A1-4751-BB3C-733A8161FAA6}.Debug|Any CPU.Build.0 = Debug|Any CPU
		{62387C5E-60A1-4751-BB3C-733A8161FAA6}.Release|Any CPU.ActiveCfg = Release|Any CPU
		{62387C5E-60A1-4751-BB3C-733A8161FAA6}.Release|Any CPU.Build.0 = Release|Any CPU
		{36A769E4-A356-4FCF-95D6-4501B327407D}.Debug|Any CPU.ActiveCfg = Debug|Any CPU
		{36A769E4-A356-4FCF-95D6-4501B327407D}.Debug|Any CPU.Build.0 = Debug|Any CPU
		{36A769E4-A356-4FCF-95D6-4501B327407D}.Release|Any CPU.ActiveCfg = Release|Any CPU
		{36A769E4-A356-4FCF-95D6-4501B327407D}.Release|Any CPU.Build.0 = Release|Any CPU
		{E73213FD-7BB6-4DA1-A1F8-B24AB1CC1DEB}.Debug|Any CPU.ActiveCfg = Debug|Any CPU
		{E73213FD-7BB6-4DA1-A1F8-B24AB1CC1DEB}.Debug|Any CPU.Build.0 = Debug|Any CPU
		{E73213FD-7BB6-4DA1-A1F8-B24AB1CC1DEB}.Release|Any CPU.ActiveCfg = Release|Any CPU
		{E73213FD-7BB6-4DA1-A1F8-B24AB1CC1DEB}.Release|Any CPU.Build.0 = Release|Any CPU
		{98804D04-B7D8-4F68-8383-012B5408E81F}.Debug|Any CPU.ActiveCfg = Debug|Any CPU
		{98804D04-B7D8-4F68-8383-012B5408E81F}.Debug|Any CPU.Build.0 = Debug|Any CPU
		{98804D04-B7D8-4F68-8383-012B5408E81F}.Release|Any CPU.ActiveCfg = Release|Any CPU
		{98804D04-B7D8-4F68-8383-012B5408E81F}.Release|Any CPU.Build.0 = Release|Any CPU
		{46512690-9F65-4C5A-8410-437B443BA655}.Debug|Any CPU.ActiveCfg = Debug|Any CPU
		{46512690-9F65-4C5A-8410-437B443BA655}.Debug|Any CPU.Build.0 = Debug|Any CPU
		{46512690-9F65-4C5A-8410-437B443BA655}.Release|Any CPU.ActiveCfg = Release|Any CPU
		{46512690-9F65-4C5A-8410-437B443BA655}.Release|Any CPU.Build.0 = Release|Any CPU
		{231B8680-4E27-419A-A44B-91E3F6B0CCB2}.Debug|Any CPU.ActiveCfg = Debug|Any CPU
		{231B8680-4E27-419A-A44B-91E3F6B0CCB2}.Debug|Any CPU.Build.0 = Debug|Any CPU
		{231B8680-4E27-419A-A44B-91E3F6B0CCB2}.Release|Any CPU.ActiveCfg = Release|Any CPU
		{231B8680-4E27-419A-A44B-91E3F6B0CCB2}.Release|Any CPU.Build.0 = Release|Any CPU
		{BCEC6A5D-C9BE-4233-9CE8-96BCCB79982A}.Debug|Any CPU.ActiveCfg = Debug|Any CPU
		{BCEC6A5D-C9BE-4233-9CE8-96BCCB79982A}.Debug|Any CPU.Build.0 = Debug|Any CPU
		{BCEC6A5D-C9BE-4233-9CE8-96BCCB79982A}.Release|Any CPU.ActiveCfg = Release|Any CPU
		{BCEC6A5D-C9BE-4233-9CE8-96BCCB79982A}.Release|Any CPU.Build.0 = Release|Any CPU
		{41515CDE-1836-46C9-B93A-655C67985C34}.Debug|Any CPU.ActiveCfg = Debug|Any CPU
		{41515CDE-1836-46C9-B93A-655C67985C34}.Debug|Any CPU.Build.0 = Debug|Any CPU
		{41515CDE-1836-46C9-B93A-655C67985C34}.Release|Any CPU.ActiveCfg = Release|Any CPU
		{41515CDE-1836-46C9-B93A-655C67985C34}.Release|Any CPU.Build.0 = Release|Any CPU
		{D1CFF043-AE8D-4966-9F28-1C145F9B1B28}.Debug|Any CPU.ActiveCfg = Debug|Any CPU
		{D1CFF043-AE8D-4966-9F28-1C145F9B1B28}.Debug|Any CPU.Build.0 = Debug|Any CPU
		{D1CFF043-AE8D-4966-9F28-1C145F9B1B28}.Release|Any CPU.ActiveCfg = Release|Any CPU
		{D1CFF043-AE8D-4966-9F28-1C145F9B1B28}.Release|Any CPU.Build.0 = Release|Any CPU
		{44809844-1386-4EF2-BE54-991F7A9EF7C2}.Debug|Any CPU.ActiveCfg = Debug|Any CPU
		{44809844-1386-4EF2-BE54-991F7A9EF7C2}.Debug|Any CPU.Build.0 = Debug|Any CPU
		{44809844-1386-4EF2-BE54-991F7A9EF7C2}.Release|Any CPU.ActiveCfg = Release|Any CPU
		{44809844-1386-4EF2-BE54-991F7A9EF7C2}.Release|Any CPU.Build.0 = Release|Any CPU
<<<<<<< HEAD
		{3280E0CC-F010-41D5-9DD1-F184382240FF}.Debug|Any CPU.ActiveCfg = Debug|Any CPU
		{3280E0CC-F010-41D5-9DD1-F184382240FF}.Debug|Any CPU.Build.0 = Debug|Any CPU
		{3280E0CC-F010-41D5-9DD1-F184382240FF}.Release|Any CPU.ActiveCfg = Release|Any CPU
		{3280E0CC-F010-41D5-9DD1-F184382240FF}.Release|Any CPU.Build.0 = Release|Any CPU
=======
		{DAD7DEE1-56A9-4EF6-9FFD-03A4F36F97A9}.Debug|Any CPU.ActiveCfg = Debug|Any CPU
		{DAD7DEE1-56A9-4EF6-9FFD-03A4F36F97A9}.Debug|Any CPU.Build.0 = Debug|Any CPU
		{DAD7DEE1-56A9-4EF6-9FFD-03A4F36F97A9}.Release|Any CPU.ActiveCfg = Release|Any CPU
		{DAD7DEE1-56A9-4EF6-9FFD-03A4F36F97A9}.Release|Any CPU.Build.0 = Release|Any CPU
		{C1271B28-F667-3AE6-7265-A9F4F498D31C}.Debug|Any CPU.ActiveCfg = Debug|Any CPU
		{C1271B28-F667-3AE6-7265-A9F4F498D31C}.Debug|Any CPU.Build.0 = Debug|Any CPU
		{C1271B28-F667-3AE6-7265-A9F4F498D31C}.Release|Any CPU.ActiveCfg = Release|Any CPU
		{C1271B28-F667-3AE6-7265-A9F4F498D31C}.Release|Any CPU.Build.0 = Release|Any CPU
		{623A2FDD-F885-AC0A-AD10-D4CBD0ECF8FD}.Debug|Any CPU.ActiveCfg = Debug|Any CPU
		{623A2FDD-F885-AC0A-AD10-D4CBD0ECF8FD}.Debug|Any CPU.Build.0 = Debug|Any CPU
		{623A2FDD-F885-AC0A-AD10-D4CBD0ECF8FD}.Release|Any CPU.ActiveCfg = Release|Any CPU
		{623A2FDD-F885-AC0A-AD10-D4CBD0ECF8FD}.Release|Any CPU.Build.0 = Release|Any CPU
>>>>>>> f67b3306112120312bc35068bd000700e102d463
	EndGlobalSection
	GlobalSection(SolutionProperties) = preSolution
		HideSolutionNode = FALSE
	EndGlobalSection
	GlobalSection(ExtensibilityGlobals) = postSolution
		SolutionGuid = {CA4B304B-C715-466B-A85E-1EB5B9361B03}
	EndGlobalSection
EndGlobal
